
Microsoft Visual Studio Solution File, Format Version 12.00
# Visual Studio Version 17
VisualStudioVersion = 17.11.35327.3
MinimumVisualStudioVersion = 10.0.40219.1
Project("{9A19103F-16F7-4668-BE54-9A1E7A4F7556}") = "BankAppWebAPI", "BankAppWebAPI\BankAppWebAPI.csproj", "{754BF86C-AD81-4591-8F4D-3CAA955FCCDE}"
EndProject
Global
	GlobalSection(SolutionConfigurationPlatforms) = preSolution
		Debug|Any CPU = Debug|Any CPU
		Release|Any CPU = Release|Any CPU
	EndGlobalSection
	GlobalSection(ProjectConfigurationPlatforms) = postSolution
		{754BF86C-AD81-4591-8F4D-3CAA955FCCDE}.Debug|Any CPU.ActiveCfg = Debug|Any CPU
		{754BF86C-AD81-4591-8F4D-3CAA955FCCDE}.Debug|Any CPU.Build.0 = Debug|Any CPU
		{754BF86C-AD81-4591-8F4D-3CAA955FCCDE}.Release|Any CPU.ActiveCfg = Release|Any CPU
		{754BF86C-AD81-4591-8F4D-3CAA955FCCDE}.Release|Any CPU.Build.0 = Release|Any CPU
	EndGlobalSection
	GlobalSection(SolutionProperties) = preSolution
		HideSolutionNode = FALSE
	EndGlobalSection
	GlobalSection(ExtensibilityGlobals) = postSolution
		SolutionGuid = {DC150743-353E-48D3-AF07-BFBBB3B5124B}
	EndGlobalSection
EndGlobal
